{"1.2.0",
[{<<"bear">>,{pkg,<<"bear">>,<<"0.8.7">>},2},
 {<<"certifi">>,{pkg,<<"certifi">>,<<"2.9.0">>},1},
 {<<"cowboy">>,{pkg,<<"cowboy">>,<<"2.9.0">>},0},
 {<<"cowlib">>,{pkg,<<"cowlib">>,<<"2.11.0">>},1},
 {<<"cut">>,{pkg,<<"cut">>,<<"1.0.3">>},0},
 {<<"dtlsex">>,
  {git,"https://github.com/RoadRunnr/dtlsex.git",
       {ref,"99d8841d2b5eed259dfca6c9f799e3e972d9b858"}},
  0},
 {<<"eradius">>,{pkg,<<"eradius">>,<<"2.2.1">>},1},
 {<<"ergw_aaa">>,
  {git,"https://github.com/travelping/ergw_aaa.git",
       {ref,"1fc91322c13998ac89457ffef590d0c17c235139"}},
  0},
 {<<"exometer_core">>,{pkg,<<"exometer_core">>,<<"1.5.7">>},0},
 {<<"exometer_influxdb">>,{pkg,<<"exometer_influxdb">>,<<"0.6.0">>},0},
 {<<"folsom">>,{pkg,<<"folsom">>,<<"0.8.7">>},1},
 {<<"hackney">>,{pkg,<<"hackney">>,<<"1.18.1">>},0},
 {<<"hut">>,{pkg,<<"hut">>,<<"1.2.1">>},1},
 {<<"idna">>,{pkg,<<"idna">>,<<"6.1.1">>},1},
 {<<"jobs">>,{pkg,<<"jobs">>,<<"0.9.0">>},1},
 {<<"jsx">>,{pkg,<<"jsx">>,<<"3.1.0">>},0},
 {<<"metrics">>,{pkg,<<"metrics">>,<<"1.0.1">>},1},
 {<<"mimerl">>,{pkg,<<"mimerl">>,<<"1.2.0">>},1},
 {<<"observer_cli">>,{pkg,<<"observer_cli">>,<<"1.7.3">>},0},
 {<<"parse_trans">>,{pkg,<<"parse_trans">>,<<"3.3.0">>},0},
 {<<"pbkdf2">>,
  {git,"https://github.com/emqx/erlang-pbkdf2.git",
       {ref,"45d9981209ea07a83a58cf85aaf8236457da4342"}},
  0},
 {<<"pcapng">>,
  {git,"https://github.com/travelping/pcapng.git",
       {ref,"acda9f0b44dd678d41fc658f6f67d78e1574e52d"}},
  0},
 {<<"prometheus">>,
  {git,"https://github.com/deadtrickster/prometheus.erl.git",
       {ref,"90d75ad3d9097368dcd589c07be0180d80c341ae"}},
  1},
 {<<"quantile_estimator">>,{pkg,<<"quantile_estimator">>,<<"0.2.1">>},2},
 {<<"ranch">>,{pkg,<<"ranch">>,<<"1.8.0">>},1},
 {<<"recon">>,{pkg,<<"recon">>,<<"2.5.2">>},0},
 {<<"regine">>,{pkg,<<"regine">>,<<"1.0.0">>},0},
 {<<"setup">>,{pkg,<<"setup">>,<<"2.1.0">>},0},
 {<<"ssl_verify_fun">>,{pkg,<<"ssl_verify_fun">>,<<"1.1.6">>},1},
 {<<"unicode_util_compat">>,{pkg,<<"unicode_util_compat">>,<<"0.7.0">>},1}]}.
[
{pkg_hash,[
 {<<"bear">>, <<"16264309AE5D005D03718A5C82641FCC259C9E8F09ADEB6FD79CA4271168656F">>},
 {<<"certifi">>, <<"6F2A475689DD47F19FB74334859D460A2DC4E3252A3324BD2111B8F0429E7E21">>},
 {<<"cowboy">>, <<"865DD8B6607E14CF03282E10E934023A1BD8BE6F6BACF921A7E2A96D800CD452">>},
 {<<"cowlib">>, <<"0B9FF9C346629256C42EBE1EEB769A83C6CB771A6EE5960BD110AB0B9B872063">>},
 {<<"cut">>, <<"1577F2F3BC0F2BF3B97903B7426F8A3D79523687B6A444D0F59A095EF69A0E81">>},
 {<<"eradius">>, <<"5F8A3857BE20E1759D96B46E7537F6031DC879FD609471546341E892DD115E54">>},
 {<<"exometer_core">>, <<"AB97E34A5D69AB14E6AE161DB4CCA5B5E655E635B842F830EE6AB2CBFCFDC30A">>},
 {<<"exometer_influxdb">>, <<"1C42EDA68F94031E504CD372070345859BF9C2415E0F33C384A3C88899E3366F">>},
 {<<"folsom">>, <<"A885F0AEEE4C84270954C88A55A5A473D6B2C7493E32FFDC5765412DD555A951">>},
 {<<"hackney">>, <<"F48BF88F521F2A229FC7BAE88CF4F85ADC9CD9BCF23B5DC8EB6A1788C662C4F6">>},
 {<<"hut">>, <<"08D46679523043424870723923971889E8A34D63B2F946A35B46CF921D1236E7">>},
 {<<"idna">>, <<"8A63070E9F7D0C62EB9D9FCB360A7DE382448200FBBD1B106CC96D3D8099DF8D">>},
 {<<"jobs">>, <<"B2F0071531C4A48575A096FEC428DCDD4555C64E5086FE521FCEAF581B1F51DC">>},
 {<<"jsx">>, <<"D12516BAA0BB23A59BB35DCCAF02A1BD08243FCBB9EFE24F2D9D056CCFF71268">>},
 {<<"metrics">>, <<"25F094DEA2CDA98213CECC3AEFF09E940299D950904393B2A29D191C346A8486">>},
 {<<"mimerl">>, <<"67E2D3F571088D5CFD3E550C383094B47159F3EEE8FFA08E64106CDF5E981BE3">>},
 {<<"observer_cli">>, <<"25D094D485F47239F218B53DF0691A102FEF13071DFD0D04922B5142297CFC93">>},
 {<<"parse_trans">>, <<"09765507A3C7590A784615CFD421D101AEC25098D50B89D7AA1D66646BC571C1">>},
 {<<"quantile_estimator">>, <<"EF50A361F11B5F26B5F16D0696E46A9E4661756492C981F7B2229EF42FF1CD15">>},
 {<<"ranch">>, <<"8C7A100A139FD57F17327B6413E4167AC559FBC04CA7448E9BE9057311597A1D">>},
 {<<"recon">>, <<"CBA53FA8DB83AD968C9A652E09C3ED7DDCC4DA434F27C3EAA9CA47FFB2B1FF03">>},
 {<<"regine">>, <<"81CB906BCDA9E177C85FE5D1825B55A5A33F528B46A914278DBAA1403FE13E59">>},
 {<<"setup">>, <<"05F69185A5EB71474C9BC6BA892565651EC7507791F85632B7B914DBFE130510">>},
 {<<"ssl_verify_fun">>, <<"CF344F5692C82D2CD7554F5EC8FD961548D4FD09E7D22F5B62482E5AEAEBD4B0">>},
 {<<"unicode_util_compat">>, <<"BC84380C9AB48177092F43AC89E4DFA2C6D62B40B8BD132B1059ECC7232F9A78">>}]},
{pkg_hash_ext,[
 {<<"bear">>, <<"534217DCE6A719D59E54FB0EB7A367900DBFC5F85757E8C1F94269DF383F6D9B">>},
 {<<"certifi">>, <<"266DA46BDB06D6C6D35FDE799BCB28D36D985D424AD7C08B5BB48F5B5CDD4641">>},
 {<<"cowboy">>, <<"2C729F934B4E1AA149AFF882F57C6372C15399A20D54F65C8D67BEF583021BDE">>},
 {<<"cowlib">>, <<"2B3E9DA0B21C4565751A6D4901C20D1B4CC25CBB7FD50D91D2AB6DD287BC86A9">>},
 {<<"cut">>, <<"1A4A25DB2B7C5565FD28B314A4EEB898B1ED3CAFFA1AB09149345FB5731ED04B">>},
 {<<"eradius">>, <<"EF3F8F2D33B63D56ACB5B60E1DFFDA53744239AAEAE489459C6172C9CA4166F0">>},
 {<<"exometer_core">>, <<"6AFBD8F6B1AAF7443D6A5A05BBBCD15285622353550F3077C87176E25BE99C1E">>},
 {<<"exometer_influxdb">>, <<"A1B3A983EBE37CD312053BFAB0D179016AAFDE999D2BD4340DBC7BABE9EB3741">>},
 {<<"folsom">>, <<"F7B644FC002A75AF00B8BFBD3CC5C2BD955E09A118D2982D9A6C04E5646FF367">>},
 {<<"hackney">>, <<"A4ECDAFF44297E9B5894AE499E9A070EA1888C84AFDD1FD9B7B2BC384950128E">>},
 {<<"hut">>, <<"953FC447514BAF9CC79FA147D66469243C94DFA1593779614E070C692D0BF0F3">>},
 {<<"idna">>, <<"92376EB7894412ED19AC475E4A86F7B413C1B9FBB5BD16DCCD57934157944CEA">>},
 {<<"jobs">>, <<"4E50CC8EDD7B5A0AE6F4C17B25514470A772626A5F6C24E9BC06A62AEF618237">>},
 {<<"jsx">>, <<"0C5CC8FDC11B53CC25CF65AC6705AD39E54ECC56D1C22E4ADB8F5A53FB9427F3">>},
 {<<"metrics">>, <<"69B09ADDDC4F74A40716AE54D140F93BEB0FB8978D8636EADED0C31B6F099F16">>},
 {<<"mimerl">>, <<"F278585650AA581986264638EBF698F8BB19DF297F66AD91B18910DFC6E19323">>},
 {<<"observer_cli">>, <<"A41B6D3E11A3444E063E09CC225F7F3E631CE14019E5FBCAEBFDA89B1BD788EA">>},
 {<<"parse_trans">>, <<"17EF63ABDE837AD30680EA7F857DD9E7CED9476CDD7B0394432AF4BFC241B960">>},
 {<<"quantile_estimator">>, <<"282A8A323CA2A845C9E6F787D166348F776C1D4A41EDE63046D72D422E3DA946">>},
 {<<"ranch">>, <<"49FBCFD3682FAB1F5D109351B61257676DA1A2FDBE295904176D5E521A2DDFE5">>},
 {<<"recon">>, <<"2C7523C8DEE91DFF41F6B3D63CBA2BD49EB6D2FE5BF1EEC0DF7F87EB5E230E1C">>},
 {<<"regine">>, <<"74A329F769BF5A7DA56C3F04B61AAFFB7276E9AED7D2BF9789F024502CAD0458">>},
 {<<"setup">>, <<"EFD072578F0CF85BEA96CAAFFC7ADB0992398272522660A136E10567377071C5">>},
 {<<"ssl_verify_fun">>, <<"BDB0D2471F453C88FF3908E7686F86F9BE327D065CC1EC16FA4540197EA04680">>},
 {<<"unicode_util_compat">>, <<"25EEE6D67DF61960CF6A794239566599B09E17E668D3700247BC498638152521">>}]}
].
