{"1.1.0",
[{<<"bear">>,{pkg,<<"bear">>,<<"0.8.7">>},2},
 {<<"certifi">>,{pkg,<<"certifi">>,<<"2.5.1">>},1},
 {<<"cowboy">>,{pkg,<<"cowboy">>,<<"2.6.1">>},0},
 {<<"cowlib">>,{pkg,<<"cowlib">>,<<"2.7.0">>},1},
 {<<"dtlsex">>,
  {git,"git://github.com/RoadRunnr/dtlsex.git",
       {ref,"6cb9e52ff00ab0e5f33e0c4b54bf46eacddeb8e7"}},
  0},
 {<<"eradius">>,
  {git,"https://github.com/travelping/eradius.git",
       {ref,"845930c02911702b0a1c3b16a677c9bdf59a8906"}},
  1},
 {<<"ergw_aaa">>,
  {git,"git://github.com/travelping/ergw_aaa.git",
       {ref,"9219cf488edffe8c04d435a6a3248c4e2bf35a4e"}},
  0},
 {<<"erlando">>,
  {git,"https://github.com/travelping/erlando.git",
       {ref,"737fbd691e85b89fe5503089e102454b585e25d1"}},
  0},
 {<<"exometer_core">>,{pkg,<<"exometer_core">>,<<"1.5.2">>},0},
 {<<"exometer_influxdb">>,{pkg,<<"exometer_influxdb">>,<<"0.6.0">>},0},
 {<<"folsom">>,{pkg,<<"folsom">>,<<"0.8.7">>},1},
 {<<"gen_socket">>,
  {git,"git://github.com/travelping/gen_socket.git",
       {ref,"195a42700ba15b7ddc26a49865abcdaa627eba33"}},
  0},
 {<<"goldrush">>,{pkg,<<"goldrush">>,<<"0.1.9">>},1},
 {<<"hackney">>,{pkg,<<"hackney">>,<<"1.15.1">>},0},
 {<<"hut">>,{pkg,<<"hut">>,<<"1.2.1">>},1},
 {<<"idna">>,{pkg,<<"idna">>,<<"6.0.0">>},1},
 {<<"jsx">>,{pkg,<<"jsx">>,<<"2.9.0">>},0},
 {<<"lager">>,{pkg,<<"lager">>,<<"3.6.8">>},0},
 {<<"metrics">>,{pkg,<<"metrics">>,<<"1.0.1">>},1},
 {<<"mimerl">>,{pkg,<<"mimerl">>,<<"1.2.0">>},1},
 {<<"parse_trans">>,{pkg,<<"parse_trans">>,<<"3.3.0">>},0},
 {<<"pbkdf2">>,{pkg,<<"pbkdf2">>,<<"2.0.0">>},0},
 {<<"pcapng">>,
  {git,"git://github.com/travelping/pcapng.git",
       {ref,"acda9f0b44dd678d41fc658f6f67d78e1574e52d"}},
  0},
 {<<"pmod_transform">>,
  {git,"git://github.com/erlang/pmod_transform.git",
       {ref,"8d5ab70f087cfbb634d789f7489f09c6d39c5c8b"}},
  1},
 {<<"ranch">>,{pkg,<<"ranch">>,<<"1.7.1">>},1},
 {<<"regine">>,
  {git,"git://github.com/travelping/regine.git",
       {ref,"2d2c0c2606cb68377c6b41bb0f2ea6bbe98927e8"}},
  0},
 {<<"setup">>,{pkg,<<"setup">>,<<"2.0.2">>},0},
 {<<"ssl_verify_fun">>,{pkg,<<"ssl_verify_fun">>,<<"1.1.4">>},1},
 {<<"unicode_util_compat">>,{pkg,<<"unicode_util_compat">>,<<"0.4.1">>},2}]}.
[
{pkg_hash,[
 {<<"bear">>, <<"16264309AE5D005D03718A5C82641FCC259C9E8F09ADEB6FD79CA4271168656F">>},
 {<<"certifi">>, <<"867CE347F7C7D78563450A18A6A28A8090331E77FA02380B4A21962A65D36EE5">>},
 {<<"cowboy">>, <<"F2E06F757C337B3B311F9437E6E072B678FCD71545A7B2865BDAA154D078593F">>},
 {<<"cowlib">>, <<"3EF16E77562F9855A2605900CEDB15C1462D76FB1BE6A32FC3AE91973EE543D2">>},
 {<<"exometer_core">>, <<"62A99A361BA8A14D53857D4C716A191E810299D2F43C5C981EB7B086C0BFCCE1">>},
 {<<"exometer_influxdb">>, <<"1C42EDA68F94031E504CD372070345859BF9C2415E0F33C384A3C88899E3366F">>},
 {<<"folsom">>, <<"A885F0AEEE4C84270954C88A55A5A473D6B2C7493E32FFDC5765412DD555A951">>},
 {<<"goldrush">>, <<"F06E5D5F1277DA5C413E84D5A2924174182FB108DABB39D5EC548B27424CD106">>},
 {<<"hackney">>, <<"9F8F471C844B8CE395F7B6D8398139E26DDCA9EBC171A8B91342EE15A19963F4">>},
 {<<"hut">>, <<"08D46679523043424870723923971889E8A34D63B2F946A35B46CF921D1236E7">>},
 {<<"idna">>, <<"689C46CBCDF3524C44D5F3DDE8001F364CD7608A99556D8FBD8239A5798D4C10">>},
 {<<"jsx">>, <<"D2F6E5F069C00266CAD52FB15D87C428579EA4D7D73A33669E12679E203329DD">>},
 {<<"lager">>, <<"897EFC7679BB82383448646C96768CDC4E747464DD18B999C7AACA485686B0DA">>},
 {<<"metrics">>, <<"25F094DEA2CDA98213CECC3AEFF09E940299D950904393B2A29D191C346A8486">>},
 {<<"mimerl">>, <<"67E2D3F571088D5CFD3E550C383094B47159F3EEE8FFA08E64106CDF5E981BE3">>},
 {<<"parse_trans">>, <<"09765507A3C7590A784615CFD421D101AEC25098D50B89D7AA1D66646BC571C1">>},
 {<<"pbkdf2">>, <<"11C23279FDED5C0027AB3996CFAE77805521D7EF4BABDE2BD7EC04A9086CF499">>},
 {<<"ranch">>, <<"6B1FAB51B49196860B733A49C07604465A47BDB78AA10C1C16A3D199F7F8C881">>},
 {<<"setup">>, <<"1203F4CDA11306C2E34434244576DED0A7BBFB0908D9A572356C809BD0CDF085">>},
 {<<"ssl_verify_fun">>, <<"F0EAFFF810D2041E93F915EF59899C923F4568F4585904D010387ED74988E77B">>},
 {<<"unicode_util_compat">>, <<"D869E4C68901DD9531385BB0C8C40444EBF624E60B6962D95952775CAC5E90CD">>}]}
].
